
Microsoft Visual Studio Solution File, Format Version 12.00
# Visual Studio Version 17
VisualStudioVersion = 17.9.34622.214
MinimumVisualStudioVersion = 10.0.40219.1
Project("{FAE04EC0-301F-11D3-BF4B-00C04F79EFBC}") = "01.Encrypt,Sort", "01.Encrypt,Sort\01.Encrypt,Sort.csproj", "{136BF203-EEBE-468C-A1C5-824B033167B2}"
EndProject
Project("{FAE04EC0-301F-11D3-BF4B-00C04F79EFBC}") = "02.PascalTriangle", "02.PascalTriangle\02.PascalTriangle.csproj", "{91198143-18A8-44A6-8E4F-219B344FDC2B}"
EndProject
Project("{FAE04EC0-301F-11D3-BF4B-00C04F79EFBC}") = "03.RecursiveFibonacci", "03.RecursiveFibonacci\03.RecursiveFibonacci.csproj", "{EC74FA21-3C47-4F5E-9F3D-2A25F9E9DC77}"
EndProject
Project("{FAE04EC0-301F-11D3-BF4B-00C04F79EFBC}") = "04.FoldAndSum", "04.FoldAndSum\04.FoldAndSum.csproj", "{EB27CF6F-DB03-468F-A20D-B334E7DC68A5}"
EndProject
Project("{FAE04EC0-301F-11D3-BF4B-00C04F79EFBC}") = "05.LongestIncreasingSubsequence", "05.LongestIncreasingSubsequence\05.LongestIncreasingSubsequence.csproj", "{94CB7BC2-3905-4C82-B2F3-16CDB7470C52}"
EndProject
Global
	GlobalSection(SolutionConfigurationPlatforms) = preSolution
		Debug|Any CPU = Debug|Any CPU
		Release|Any CPU = Release|Any CPU
	EndGlobalSection
	GlobalSection(ProjectConfigurationPlatforms) = postSolution
		{136BF203-EEBE-468C-A1C5-824B033167B2}.Debug|Any CPU.ActiveCfg = Debug|Any CPU
		{136BF203-EEBE-468C-A1C5-824B033167B2}.Debug|Any CPU.Build.0 = Debug|Any CPU
		{136BF203-EEBE-468C-A1C5-824B033167B2}.Release|Any CPU.ActiveCfg = Release|Any CPU
		{136BF203-EEBE-468C-A1C5-824B033167B2}.Release|Any CPU.Build.0 = Release|Any CPU
		{91198143-18A8-44A6-8E4F-219B344FDC2B}.Debug|Any CPU.ActiveCfg = Debug|Any CPU
		{91198143-18A8-44A6-8E4F-219B344FDC2B}.Debug|Any CPU.Build.0 = Debug|Any CPU
		{91198143-18A8-44A6-8E4F-219B344FDC2B}.Release|Any CPU.ActiveCfg = Release|Any CPU
		{91198143-18A8-44A6-8E4F-219B344FDC2B}.Release|Any CPU.Build.0 = Release|Any CPU
		{EC74FA21-3C47-4F5E-9F3D-2A25F9E9DC77}.Debug|Any CPU.ActiveCfg = Debug|Any CPU
		{EC74FA21-3C47-4F5E-9F3D-2A25F9E9DC77}.Debug|Any CPU.Build.0 = Debug|Any CPU
		{EC74FA21-3C47-4F5E-9F3D-2A25F9E9DC77}.Release|Any CPU.ActiveCfg = Release|Any CPU
		{EC74FA21-3C47-4F5E-9F3D-2A25F9E9DC77}.Release|Any CPU.Build.0 = Release|Any CPU
		{EB27CF6F-DB03-468F-A20D-B334E7DC68A5}.Debug|Any CPU.ActiveCfg = Debug|Any CPU
		{EB27CF6F-DB03-468F-A20D-B334E7DC68A5}.Debug|Any CPU.Build.0 = Debug|Any CPU
		{EB27CF6F-DB03-468F-A20D-B334E7DC68A5}.Release|Any CPU.ActiveCfg = Release|Any CPU
		{EB27CF6F-DB03-468F-A20D-B334E7DC68A5}.Release|Any CPU.Build.0 = Release|Any CPU
		{94CB7BC2-3905-4C82-B2F3-16CDB7470C52}.Debug|Any CPU.ActiveCfg = Debug|Any CPU
		{94CB7BC2-3905-4C82-B2F3-16CDB7470C52}.Debug|Any CPU.Build.0 = Debug|Any CPU
		{94CB7BC2-3905-4C82-B2F3-16CDB7470C52}.Release|Any CPU.ActiveCfg = Release|Any CPU
		{94CB7BC2-3905-4C82-B2F3-16CDB7470C52}.Release|Any CPU.Build.0 = Release|Any CPU
	EndGlobalSection
	GlobalSection(SolutionProperties) = preSolution
		HideSolutionNode = FALSE
	EndGlobalSection
	GlobalSection(ExtensibilityGlobals) = postSolution
		SolutionGuid = {F5F0BF9C-5C95-480E-A9E8-955D26833647}
	EndGlobalSection
EndGlobal
