
Microsoft Visual Studio Solution File, Format Version 12.00
# Visual Studio Version 17
VisualStudioVersion = 17.9.34622.214
MinimumVisualStudioVersion = 10.0.40219.1
Project("{FAE04EC0-301F-11D3-BF4B-00C04F79EFBC}") = "01.ExtractPersonInformation", "01.ExtractPersonInformation\01.ExtractPersonInformation.csproj", "{0823896C-3BD1-47C7-ACFC-5EFA3030B62D}"
EndProject
Project("{FAE04EC0-301F-11D3-BF4B-00C04F79EFBC}") = "02.AsciiSumator", "02.AsciiSumator\02.AsciiSumator.csproj", "{135478D9-4E7A-49BA-B417-8602FE41219A}"
EndProject
Project("{FAE04EC0-301F-11D3-BF4B-00C04F79EFBC}") = "03.TreasureFinder", "03.TreasureFinder\03.TreasureFinder.csproj", "{FDFF2CDD-8994-4010-B270-B3C617C493A5}"
EndProject
Project("{FAE04EC0-301F-11D3-BF4B-00C04F79EFBC}") = "04.MorseCodeTranslator", "04.MorseCodeTranslator\04.MorseCodeTranslator.csproj", "{77CB68BC-5084-466C-B39A-B72254B4828D}"
EndProject
Project("{FAE04EC0-301F-11D3-BF4B-00C04F79EFBC}") = "05.HTML", "05.HTML\05.HTML.csproj", "{31FE3D41-389A-4488-967C-0AD0C0892FF3}"
EndProject
Global
	GlobalSection(SolutionConfigurationPlatforms) = preSolution
		Debug|Any CPU = Debug|Any CPU
		Release|Any CPU = Release|Any CPU
	EndGlobalSection
	GlobalSection(ProjectConfigurationPlatforms) = postSolution
		{0823896C-3BD1-47C7-ACFC-5EFA3030B62D}.Debug|Any CPU.ActiveCfg = Debug|Any CPU
		{0823896C-3BD1-47C7-ACFC-5EFA3030B62D}.Debug|Any CPU.Build.0 = Debug|Any CPU
		{0823896C-3BD1-47C7-ACFC-5EFA3030B62D}.Release|Any CPU.ActiveCfg = Release|Any CPU
		{0823896C-3BD1-47C7-ACFC-5EFA3030B62D}.Release|Any CPU.Build.0 = Release|Any CPU
		{135478D9-4E7A-49BA-B417-8602FE41219A}.Debug|Any CPU.ActiveCfg = Debug|Any CPU
		{135478D9-4E7A-49BA-B417-8602FE41219A}.Debug|Any CPU.Build.0 = Debug|Any CPU
		{135478D9-4E7A-49BA-B417-8602FE41219A}.Release|Any CPU.ActiveCfg = Release|Any CPU
		{135478D9-4E7A-49BA-B417-8602FE41219A}.Release|Any CPU.Build.0 = Release|Any CPU
		{FDFF2CDD-8994-4010-B270-B3C617C493A5}.Debug|Any CPU.ActiveCfg = Debug|Any CPU
		{FDFF2CDD-8994-4010-B270-B3C617C493A5}.Debug|Any CPU.Build.0 = Debug|Any CPU
		{FDFF2CDD-8994-4010-B270-B3C617C493A5}.Release|Any CPU.ActiveCfg = Release|Any CPU
		{FDFF2CDD-8994-4010-B270-B3C617C493A5}.Release|Any CPU.Build.0 = Release|Any CPU
		{77CB68BC-5084-466C-B39A-B72254B4828D}.Debug|Any CPU.ActiveCfg = Debug|Any CPU
		{77CB68BC-5084-466C-B39A-B72254B4828D}.Debug|Any CPU.Build.0 = Debug|Any CPU
		{77CB68BC-5084-466C-B39A-B72254B4828D}.Release|Any CPU.ActiveCfg = Release|Any CPU
		{77CB68BC-5084-466C-B39A-B72254B4828D}.Release|Any CPU.Build.0 = Release|Any CPU
		{31FE3D41-389A-4488-967C-0AD0C0892FF3}.Debug|Any CPU.ActiveCfg = Debug|Any CPU
		{31FE3D41-389A-4488-967C-0AD0C0892FF3}.Debug|Any CPU.Build.0 = Debug|Any CPU
		{31FE3D41-389A-4488-967C-0AD0C0892FF3}.Release|Any CPU.ActiveCfg = Release|Any CPU
		{31FE3D41-389A-4488-967C-0AD0C0892FF3}.Release|Any CPU.Build.0 = Release|Any CPU
	EndGlobalSection
	GlobalSection(SolutionProperties) = preSolution
		HideSolutionNode = FALSE
	EndGlobalSection
	GlobalSection(ExtensibilityGlobals) = postSolution
		SolutionGuid = {F21140C3-AFAF-4170-AC45-E52D80A843D6}
	EndGlobalSection
EndGlobal
