
Microsoft Visual Studio Solution File, Format Version 12.00
# Visual Studio Version 17
VisualStudioVersion = 17.9.34622.214
MinimumVisualStudioVersion = 10.0.40219.1
Project("{FAE04EC0-301F-11D3-BF4B-00C04F79EFBC}") = "01.BonusScoringSystem", "01.BonusScoringSystem\01.BonusScoringSystem.csproj", "{09FAF54E-5CEF-4716-8617-0D4AAD504189}"
EndProject
Project("{FAE04EC0-301F-11D3-BF4B-00C04F79EFBC}") = "02.MuOnline", "02.MuOnline\02.MuOnline.csproj", "{05B83B70-BB0A-48C6-88C5-8193C2316F00}"
EndProject
Project("{FAE04EC0-301F-11D3-BF4B-00C04F79EFBC}") = "03.Inventory", "03.Inventory\03.Inventory.csproj", "{4FFAA12A-CCF0-430F-87C0-5E62BC1A88AD}"
EndProject
Global
	GlobalSection(SolutionConfigurationPlatforms) = preSolution
		Debug|Any CPU = Debug|Any CPU
		Release|Any CPU = Release|Any CPU
	EndGlobalSection
	GlobalSection(ProjectConfigurationPlatforms) = postSolution
		{09FAF54E-5CEF-4716-8617-0D4AAD504189}.Debug|Any CPU.ActiveCfg = Debug|Any CPU
		{09FAF54E-5CEF-4716-8617-0D4AAD504189}.Debug|Any CPU.Build.0 = Debug|Any CPU
		{09FAF54E-5CEF-4716-8617-0D4AAD504189}.Release|Any CPU.ActiveCfg = Release|Any CPU
		{09FAF54E-5CEF-4716-8617-0D4AAD504189}.Release|Any CPU.Build.0 = Release|Any CPU
		{05B83B70-BB0A-48C6-88C5-8193C2316F00}.Debug|Any CPU.ActiveCfg = Debug|Any CPU
		{05B83B70-BB0A-48C6-88C5-8193C2316F00}.Debug|Any CPU.Build.0 = Debug|Any CPU
		{05B83B70-BB0A-48C6-88C5-8193C2316F00}.Release|Any CPU.ActiveCfg = Release|Any CPU
		{05B83B70-BB0A-48C6-88C5-8193C2316F00}.Release|Any CPU.Build.0 = Release|Any CPU
		{4FFAA12A-CCF0-430F-87C0-5E62BC1A88AD}.Debug|Any CPU.ActiveCfg = Debug|Any CPU
		{4FFAA12A-CCF0-430F-87C0-5E62BC1A88AD}.Debug|Any CPU.Build.0 = Debug|Any CPU
		{4FFAA12A-CCF0-430F-87C0-5E62BC1A88AD}.Release|Any CPU.ActiveCfg = Release|Any CPU
		{4FFAA12A-CCF0-430F-87C0-5E62BC1A88AD}.Release|Any CPU.Build.0 = Release|Any CPU
	EndGlobalSection
	GlobalSection(SolutionProperties) = preSolution
		HideSolutionNode = FALSE
	EndGlobalSection
	GlobalSection(ExtensibilityGlobals) = postSolution
		SolutionGuid = {4B315C71-3A9C-41A0-B769-515338D8F0A2}
	EndGlobalSection
EndGlobal
