
Microsoft Visual Studio Solution File, Format Version 12.00
# Visual Studio Version 17
VisualStudioVersion = 17.9.34622.214
MinimumVisualStudioVersion = 10.0.40219.1
Project("{FAE04EC0-301F-11D3-BF4B-00C04F79EFBC}") = "01.Counter-Strike", "01.Counter-Strike\01.Counter-Strike.csproj", "{DFC0530E-2AD9-44F3-BB09-11F1577AA24B}"
EndProject
Project("{FAE04EC0-301F-11D3-BF4B-00C04F79EFBC}") = "02.TreasureHunt", "02.TreasureHunt\02.TreasureHunt.csproj", "{5984DBBB-79AE-4CC1-A913-3122B8692F4F}"
EndProject
Project("{FAE04EC0-301F-11D3-BF4B-00C04F79EFBC}") = "03.MemoryGame", "03.MemoryGame\03.MemoryGame.csproj", "{A05EA128-F8C1-462F-A200-06EA743AAEA4}"
EndProject
Global
	GlobalSection(SolutionConfigurationPlatforms) = preSolution
		Debug|Any CPU = Debug|Any CPU
		Release|Any CPU = Release|Any CPU
	EndGlobalSection
	GlobalSection(ProjectConfigurationPlatforms) = postSolution
		{DFC0530E-2AD9-44F3-BB09-11F1577AA24B}.Debug|Any CPU.ActiveCfg = Debug|Any CPU
		{DFC0530E-2AD9-44F3-BB09-11F1577AA24B}.Debug|Any CPU.Build.0 = Debug|Any CPU
		{DFC0530E-2AD9-44F3-BB09-11F1577AA24B}.Release|Any CPU.ActiveCfg = Release|Any CPU
		{DFC0530E-2AD9-44F3-BB09-11F1577AA24B}.Release|Any CPU.Build.0 = Release|Any CPU
		{5984DBBB-79AE-4CC1-A913-3122B8692F4F}.Debug|Any CPU.ActiveCfg = Debug|Any CPU
		{5984DBBB-79AE-4CC1-A913-3122B8692F4F}.Debug|Any CPU.Build.0 = Debug|Any CPU
		{5984DBBB-79AE-4CC1-A913-3122B8692F4F}.Release|Any CPU.ActiveCfg = Release|Any CPU
		{5984DBBB-79AE-4CC1-A913-3122B8692F4F}.Release|Any CPU.Build.0 = Release|Any CPU
		{A05EA128-F8C1-462F-A200-06EA743AAEA4}.Debug|Any CPU.ActiveCfg = Debug|Any CPU
		{A05EA128-F8C1-462F-A200-06EA743AAEA4}.Debug|Any CPU.Build.0 = Debug|Any CPU
		{A05EA128-F8C1-462F-A200-06EA743AAEA4}.Release|Any CPU.ActiveCfg = Release|Any CPU
		{A05EA128-F8C1-462F-A200-06EA743AAEA4}.Release|Any CPU.Build.0 = Release|Any CPU
	EndGlobalSection
	GlobalSection(SolutionProperties) = preSolution
		HideSolutionNode = FALSE
	EndGlobalSection
	GlobalSection(ExtensibilityGlobals) = postSolution
		SolutionGuid = {E08A9C8F-DE09-444A-9C13-A058BCA49A68}
	EndGlobalSection
EndGlobal
