
Microsoft Visual Studio Solution File, Format Version 12.00
# Visual Studio Version 17
VisualStudioVersion = 17.9.34622.214
MinimumVisualStudioVersion = 10.0.40219.1
Project("{9A19103F-16F7-4668-BE54-9A1E7A4F7556}") = "01.DataTypes", "01.DataTypes\01.DataTypes.csproj", "{2BC8B314-9580-42F8-A3A7-6062D7A57A14}"
EndProject
Project("{9A19103F-16F7-4668-BE54-9A1E7A4F7556}") = "02.CenterPoint", "02.CenterPoint\02.CenterPoint.csproj", "{B731E3B7-E369-4294-90DA-F1BCE841C348}"
EndProject
Project("{9A19103F-16F7-4668-BE54-9A1E7A4F7556}") = "03.LongerLine", "03.LongerLine\03.LongerLine.csproj", "{2C387E40-4332-45D0-A512-68A7F7BECE0C}"
EndProject
Project("{FAE04EC0-301F-11D3-BF4B-00C04F79EFBC}") = "04.TribonacciSequence", "04.TribonacciSequence\04.TribonacciSequence.csproj", "{BB3FD90B-72B3-4D50-AECC-DFCA962BCBEA}"
EndProject
Project("{FAE04EC0-301F-11D3-BF4B-00C04F79EFBC}") = "05.MultiplicationSign", "05.MultiplicationSign\05.MultiplicationSign.csproj", "{4AAFF17D-BA49-4AEF-B20C-FC3D29C4E67B}"
EndProject
Global
	GlobalSection(SolutionConfigurationPlatforms) = preSolution
		Debug|Any CPU = Debug|Any CPU
		Release|Any CPU = Release|Any CPU
	EndGlobalSection
	GlobalSection(ProjectConfigurationPlatforms) = postSolution
		{2BC8B314-9580-42F8-A3A7-6062D7A57A14}.Debug|Any CPU.ActiveCfg = Debug|Any CPU
		{2BC8B314-9580-42F8-A3A7-6062D7A57A14}.Debug|Any CPU.Build.0 = Debug|Any CPU
		{2BC8B314-9580-42F8-A3A7-6062D7A57A14}.Release|Any CPU.ActiveCfg = Release|Any CPU
		{2BC8B314-9580-42F8-A3A7-6062D7A57A14}.Release|Any CPU.Build.0 = Release|Any CPU
		{B731E3B7-E369-4294-90DA-F1BCE841C348}.Debug|Any CPU.ActiveCfg = Debug|Any CPU
		{B731E3B7-E369-4294-90DA-F1BCE841C348}.Debug|Any CPU.Build.0 = Debug|Any CPU
		{B731E3B7-E369-4294-90DA-F1BCE841C348}.Release|Any CPU.ActiveCfg = Release|Any CPU
		{B731E3B7-E369-4294-90DA-F1BCE841C348}.Release|Any CPU.Build.0 = Release|Any CPU
		{2C387E40-4332-45D0-A512-68A7F7BECE0C}.Debug|Any CPU.ActiveCfg = Debug|Any CPU
		{2C387E40-4332-45D0-A512-68A7F7BECE0C}.Debug|Any CPU.Build.0 = Debug|Any CPU
		{2C387E40-4332-45D0-A512-68A7F7BECE0C}.Release|Any CPU.ActiveCfg = Release|Any CPU
		{2C387E40-4332-45D0-A512-68A7F7BECE0C}.Release|Any CPU.Build.0 = Release|Any CPU
		{BB3FD90B-72B3-4D50-AECC-DFCA962BCBEA}.Debug|Any CPU.ActiveCfg = Debug|Any CPU
		{BB3FD90B-72B3-4D50-AECC-DFCA962BCBEA}.Debug|Any CPU.Build.0 = Debug|Any CPU
		{BB3FD90B-72B3-4D50-AECC-DFCA962BCBEA}.Release|Any CPU.ActiveCfg = Release|Any CPU
		{BB3FD90B-72B3-4D50-AECC-DFCA962BCBEA}.Release|Any CPU.Build.0 = Release|Any CPU
		{4AAFF17D-BA49-4AEF-B20C-FC3D29C4E67B}.Debug|Any CPU.ActiveCfg = Debug|Any CPU
		{4AAFF17D-BA49-4AEF-B20C-FC3D29C4E67B}.Debug|Any CPU.Build.0 = Debug|Any CPU
		{4AAFF17D-BA49-4AEF-B20C-FC3D29C4E67B}.Release|Any CPU.ActiveCfg = Release|Any CPU
		{4AAFF17D-BA49-4AEF-B20C-FC3D29C4E67B}.Release|Any CPU.Build.0 = Release|Any CPU
	EndGlobalSection
	GlobalSection(SolutionProperties) = preSolution
		HideSolutionNode = FALSE
	EndGlobalSection
	GlobalSection(ExtensibilityGlobals) = postSolution
		SolutionGuid = {5229A438-C737-45BD-92CA-6F418B972E75}
	EndGlobalSection
EndGlobal
