
Microsoft Visual Studio Solution File, Format Version 12.00
# Visual Studio Version 17
VisualStudioVersion = 17.9.34622.214
MinimumVisualStudioVersion = 10.0.40219.1
Project("{9A19103F-16F7-4668-BE54-9A1E7A4F7556}") = "01.Registration", "01.Registration\01.Registration.csproj", "{C467AF5A-E7FD-40CC-837F-8D324EB60DE7}"
EndProject
Project("{9A19103F-16F7-4668-BE54-9A1E7A4F7556}") = "02.DestinationMapper", "02.DestinationMapper\02.DestinationMapper.csproj", "{EDFB2CB6-88A0-4FC4-8F71-488986D67CEC}"
EndProject
Project("{FAE04EC0-301F-11D3-BF4B-00C04F79EFBC}") = "03.BakeryShop", "03.BakeryShop\03.BakeryShop.csproj", "{0B2FAA66-1940-4EA2-82FE-212F257C4C9A}"
EndProject
Global
	GlobalSection(SolutionConfigurationPlatforms) = preSolution
		Debug|Any CPU = Debug|Any CPU
		Release|Any CPU = Release|Any CPU
	EndGlobalSection
	GlobalSection(ProjectConfigurationPlatforms) = postSolution
		{C467AF5A-E7FD-40CC-837F-8D324EB60DE7}.Debug|Any CPU.ActiveCfg = Debug|Any CPU
		{C467AF5A-E7FD-40CC-837F-8D324EB60DE7}.Debug|Any CPU.Build.0 = Debug|Any CPU
		{C467AF5A-E7FD-40CC-837F-8D324EB60DE7}.Release|Any CPU.ActiveCfg = Release|Any CPU
		{C467AF5A-E7FD-40CC-837F-8D324EB60DE7}.Release|Any CPU.Build.0 = Release|Any CPU
		{EDFB2CB6-88A0-4FC4-8F71-488986D67CEC}.Debug|Any CPU.ActiveCfg = Debug|Any CPU
		{EDFB2CB6-88A0-4FC4-8F71-488986D67CEC}.Debug|Any CPU.Build.0 = Debug|Any CPU
		{EDFB2CB6-88A0-4FC4-8F71-488986D67CEC}.Release|Any CPU.ActiveCfg = Release|Any CPU
		{EDFB2CB6-88A0-4FC4-8F71-488986D67CEC}.Release|Any CPU.Build.0 = Release|Any CPU
		{0B2FAA66-1940-4EA2-82FE-212F257C4C9A}.Debug|Any CPU.ActiveCfg = Debug|Any CPU
		{0B2FAA66-1940-4EA2-82FE-212F257C4C9A}.Debug|Any CPU.Build.0 = Debug|Any CPU
		{0B2FAA66-1940-4EA2-82FE-212F257C4C9A}.Release|Any CPU.ActiveCfg = Release|Any CPU
		{0B2FAA66-1940-4EA2-82FE-212F257C4C9A}.Release|Any CPU.Build.0 = Release|Any CPU
	EndGlobalSection
	GlobalSection(SolutionProperties) = preSolution
		HideSolutionNode = FALSE
	EndGlobalSection
	GlobalSection(ExtensibilityGlobals) = postSolution
		SolutionGuid = {92CCC99C-A321-4CE2-B386-456DBCFF88D9}
	EndGlobalSection
EndGlobal
